# THIS IS AN AUTOGENERATED FILE. DO NOT EDIT THIS FILE DIRECTLY.
# yarn lockfile v1


"@babel/helper-plugin-utils@^7.8.0":
  version "7.13.0"
  resolved "https://registry.yarnpkg.com/@babel/helper-plugin-utils/-/helper-plugin-utils-7.13.0.tgz#806526ce125aed03373bc416a828321e3a6a33af"
  integrity sha512-ZPafIPSwzUlAoWT8DKs1W2VyF2gOWthGd5NGFMsBcMMol+ZhK+EQY/e6V96poa6PA/Bh+C9plWN0hXO1uB8AfQ==

"@babel/plugin-syntax-object-rest-spread@^7.8.3":
  version "7.8.3"
  resolved "https://registry.yarnpkg.com/@babel/plugin-syntax-object-rest-spread/-/plugin-syntax-object-rest-spread-7.8.3.tgz#60e225edcbd98a640332a2e72dd3e66f1af55871"
  integrity sha512-XoqMijGZb9y3y2XskN+P1wUGiVwWZ5JmoDRwx5+3GmEplNyVM2s2Dg8ILFQm8rWM48orGy5YpI5Bl8U1y7ydlA==
  dependencies:
    "@babel/helper-plugin-utils" "^7.8.0"

"@babel/runtime@^7.12.5":
  version "7.14.0"
  resolved "https://registry.yarnpkg.com/@babel/runtime/-/runtime-7.14.0.tgz#46794bc20b612c5f75e62dd071e24dfd95f1cbe6"
  integrity sha512-JELkvo/DlpNdJ7dlyw/eY7E0suy5i5GQH+Vlxaq1nsNJ+H7f4Vtv3jMeCEgRhZZQFXTjldYfQgv2qmM6M1v5wA==
  dependencies:
    regenerator-runtime "^0.13.4"

"@testing-library/jest-dom@link:../node_modules/@testing-library/jest-dom":
  version "0.0.0"
  uid ""

"@testing-library/react@link:../node_modules/@testing-library/react":
  version "0.0.0"
  uid ""

"@testing-library/user-event@link:../node_modules/@testing-library/user-event":
  version "0.0.0"
  uid ""

"@types/jest@link:../node_modules/@types/jest":
  version "0.0.0"
  uid ""

"@types/node@link:../node_modules/@types/node":
  version "0.0.0"
  uid ""

"@types/prop-types@*":
  version "15.7.3"
  resolved "https://registry.yarnpkg.com/@types/prop-types/-/prop-types-15.7.3.tgz#2ab0d5da2e5815f94b0b9d4b95d1e5f243ab2ca7"
  integrity sha512-KfRL3PuHmqQLOG+2tGpRO26Ctg+Cq1E01D2DMriKEATHgWLfeNDmq9e29Q9WIky0dQ3NPkd1mzYH8Lm936Z9qw==

"@types/react-dom@link:../node_modules/@types/react-dom":
  version "0.0.0"
  uid ""

"@types/react@^17.0.0":
  version "17.0.8"
  resolved "https://registry.yarnpkg.com/@types/react/-/react-17.0.8.tgz#fe76e3ba0fbb5602704110fd1e3035cf394778e3"
  integrity sha512-3sx4c0PbXujrYAKwXxNONXUtRp9C+hE2di0IuxFyf5BELD+B+AXL8G7QrmSKhVwKZDbv0igiAjQAMhXj8Yg3aw==
  dependencies:
    "@types/prop-types" "*"
    "@types/scheduler" "*"
    csstype "^3.0.2"

"@types/react@link:../node_modules/@types/react":
  version "0.0.0"
  uid ""

"@types/scheduler@*":
  version "0.16.1"
  resolved "https://registry.yarnpkg.com/@types/scheduler/-/scheduler-0.16.1.tgz#18845205e86ff0038517aab7a18a62a6b9f71275"
  integrity sha512-EaCxbanVeyxDRTQBkdLb3Bvl/HK7PBK6UJjsSixB0iHKoWxE5uu2Q/DgtpOhPIojN0Zl1whvOd7PoHs2P0s5eA==

clone-deep@^4.0.1:
  version "4.0.1"
  resolved "https://registry.yarnpkg.com/clone-deep/-/clone-deep-4.0.1.tgz#c19fd9bdbbf85942b4fd979c84dcf7d5f07c2387"
  integrity sha512-neHB9xuzh/wk0dIHweyAXv2aPGZIVk3pLMe+/RNzINf17fe0OG96QroktYAUm7SM1PBnzTabaLboqqxDyMU+SQ==
  dependencies:
    is-plain-object "^2.0.4"
    kind-of "^6.0.2"
    shallow-clone "^3.0.0"

csstype@^3.0.2:
  version "3.0.8"
  resolved "https://registry.yarnpkg.com/csstype/-/csstype-3.0.8.tgz#d2266a792729fb227cd216fb572f43728e1ad340"
  integrity sha512-jXKhWqXPmlUeoQnF/EhTtTl4C9SnrxSH/jZUih3jmO6lBKr99rP3/+FmrMj4EFpOXzMtXHAZkd3x0E6h6Fgflw==

dequal@^2.0.2:
  version "2.0.2"
  resolved "https://registry.yarnpkg.com/dequal/-/dequal-2.0.2.tgz#85ca22025e3a87e65ef75a7a437b35284a7e319d"
  integrity sha512-q9K8BlJVxK7hQYqa6XISGmBZbtQQWVXSrRrWreHC94rMt1QL/Impruc+7p2CYSYuVIUr+YCt6hjrs1kkdJRTug==

fast-deep-equal@^2.0.1:
  version "2.0.1"
  resolved "https://registry.yarnpkg.com/fast-deep-equal/-/fast-deep-equal-2.0.1.tgz#7b05218ddf9667bf7f370bf7fdb2cb15fdd0aa49"
  integrity sha1-ewUhjd+WZ79/Nwv3/bLLFf3Qqkk=

is-plain-object@^2.0.4:
  version "2.0.4"
  resolved "https://registry.yarnpkg.com/is-plain-object/-/is-plain-object-2.0.4.tgz#2c163b3fafb1b606d9d17928f05c2a1c38e07677"
  integrity sha512-h5PpgXkWitc38BBMYawTYMWJHFZJVnBquFE57xFpjB8pJFiF6gZ+bU+WyI/yqXiFR5mdLsgYNaPe8uao6Uv9Og==
  dependencies:
    isobject "^3.0.1"

isobject@^3.0.1:
  version "3.0.1"
  resolved "https://registry.yarnpkg.com/isobject/-/isobject-3.0.1.tgz#4e431e92b11a9731636aa1f9c8d1ccbcfdab78df"
  integrity sha1-TkMekrEalzFjaqH5yNHMvP2reN8=

"js-tokens@^3.0.0 || ^4.0.0":
  version "4.0.0"
  resolved "https://registry.yarnpkg.com/js-tokens/-/js-tokens-4.0.0.tgz#19203fb59991df98e3a287050d4647cdeaf32499"
  integrity sha512-RdJUflcE3cUzKiMqQgsCu06FPu9UdIJO0beYbPhHN4k6apgJtifcoCtT9bcxOpYBtpD2kCM6Sbzg4CausW/PKQ==

kind-of@^6.0.2:
  version "6.0.3"
  resolved "https://registry.yarnpkg.com/kind-of/-/kind-of-6.0.3.tgz#07c05034a6c349fa06e24fa35aa76db4580ce4dd"
  integrity sha512-dcS1ul+9tmeD95T+x28/ehLgd9mENa3LsvDTtzm3vyBEO7RPptvAD+t44WVXaUjTBRcrpFeFlC8WCruUR456hw==

loose-envify@^1.4.0:
  version "1.4.0"
  resolved "https://registry.yarnpkg.com/loose-envify/-/loose-envify-1.4.0.tgz#71ee51fa7be4caec1a63839f7e682d8132d30caf"
  integrity sha512-lyuxPGr/Wfhrlem2CL/UcnUc1zcqKAImBDzukY7Y5F/yQiNdko6+fRLevlw1HgMySw7f611UIY408EtxRSoK3Q==
  dependencies:
    js-tokens "^3.0.0 || ^4.0.0"

object-assign@^4.1.1:
  version "4.1.1"
  resolved "https://registry.yarnpkg.com/object-assign/-/object-assign-4.1.1.tgz#2109adc7965887cfc05cbbd442cac8bfbb360863"
  integrity sha1-IQmtx5ZYh8/AXLvUQsrIv7s2CGM=

prop-types@^15.7.1:
  version "15.7.2"
  resolved "https://registry.yarnpkg.com/prop-types/-/prop-types-15.7.2.tgz#52c41e75b8c87e72b9d9360e0206b99dcbffa6c5"
  integrity sha512-8QQikdH7//R2vurIJSutZ1smHYTcLpRWEOlHnzcWHmBYrOGUysKwSsrC89BCiFj3CbrfJ/nXFdJepOVrY1GCHQ==
  dependencies:
    loose-envify "^1.4.0"
    object-assign "^4.1.1"
    react-is "^16.8.1"

react-contenteditable@^3.3.5:
  version "3.3.5"
  resolved "https://registry.yarnpkg.com/react-contenteditable/-/react-contenteditable-3.3.5.tgz#febff7a46570fdb2f5ff199e506c512e5924e22e"
  integrity sha512-38A7hlRQfb2KQAQT0kIJC2YlQUU7jcyYM4eh1fj6kAYb3Hmk6hHlr0snelyxVSpPXjPdFllrnSsPkzUS5AtrEA==
  dependencies:
    fast-deep-equal "^2.0.1"
    prop-types "^15.7.1"

"react-dom@link:../node_modules/react-dom":
  version "0.0.0"
  uid ""

"react-inscribe@link:..":
  version "0.0.0"
  uid ""

react-is@^16.8.1:
  version "16.13.1"
  resolved "https://registry.yarnpkg.com/react-is/-/react-is-16.13.1.tgz#789729a4dc36de2999dc156dd6c1d9c18cea56a4"
  integrity sha512-24e6ynE2H+OKt4kqsOvNd8kBpV65zoxbA4BVsEOB3ARVWQki/DHzaUoC5KuON/BiccDaCCTZBuOcfZs70kR8bQ==

"react-scripts@link:../node_modules/react-scripts":
  version "0.0.0"
  uid ""

"react@link:../node_modules/react":
  version "0.0.0"
  uid ""

regenerator-runtime@^0.13.4:
  version "0.13.7"
  resolved "https://registry.yarnpkg.com/regenerator-runtime/-/regenerator-runtime-0.13.7.tgz#cac2dacc8a1ea675feaabaeb8ae833898ae46f55"
  integrity sha512-a54FxoJDIr27pgf7IgeQGxmqUNYrcV338lf/6gH456HZ/PhX+5BcwHXG9ajESmwe6WRO0tAzRUrRmNONWgkrew==

shallow-clone@^3.0.0:
  version "3.0.1"
  resolved "https://registry.yarnpkg.com/shallow-clone/-/shallow-clone-3.0.1.tgz#8f2981ad92531f55035b01fb230769a40e02efa3"
  integrity sha512-/6KqX+GVUdqPuPPd2LxDDxzX6CAbjJehAAOKlNpqqUpAqPM6HeL8f+o3a+JsyGjn2lv0WY8UsTgUJjU9Ok55NA==
  dependencies:
    kind-of "^6.0.2"

"typescript@link:../node_modules/typescript":
  version "0.0.0"
  uid ""

use-deep-compare-effect@^1.6.1:
  version "1.6.1"
  resolved "https://registry.yarnpkg.com/use-deep-compare-effect/-/use-deep-compare-effect-1.6.1.tgz#061a0ac5400aa0461e33dddfaa2a98bca873182a"
  integrity sha512-VB3b+7tFI81dHm8buGyrpxi8yBhzYZdyMX9iBJra7SMFMZ4ci4FJ1vFc1nvChiB1iLv4GfjqaYfvbNEpTT1rFQ==
  dependencies:
    "@babel/runtime" "^7.12.5"
    "@types/react" "^17.0.0"
    dequal "^2.0.2"
